
Microsoft Visual Studio Solution File, Format Version 12.00
# Visual Studio Version 16
VisualStudioVersion = 16.0.30225.117
MinimumVisualStudioVersion = 10.0.40219.1
Project("{2150E333-8FDC-42A3-9474-1A3956D46DE8}") = "src", "src", "{1F773D65-136A-4164-A3A7-1A56396801A1}"
EndProject
Project("{2150E333-8FDC-42A3-9474-1A3956D46DE8}") = "core", "core", "{1B939219-73C3-4189-B657-D41538C145DF}"
EndProject
Project("{9A19103F-16F7-4668-BE54-9A1E7A4F7556}") = "bbv_MicroserviceDemo.Domains", "src\bbv_MicroserviceDemo.Domains\bbv_MicroserviceDemo.Domains.csproj", "{96B0F699-D0DF-4478-9726-60DE607D2097}"
EndProject
Project("{9A19103F-16F7-4668-BE54-9A1E7A4F7556}") = "bbv_MicroserviceDemo.Repositories", "src\bbv_MicroserviceDemo.Repositories\bbv_MicroserviceDemo.Repositories.csproj", "{85B5AFE3-0085-4A2D-9CDF-1EA485A4E557}"
EndProject
Project("{2150E333-8FDC-42A3-9474-1A3956D46DE8}") = "microservices", "microservices", "{30F58F66-DFE7-4246-9EC6-EB04DB291B92}"
EndProject
Project("{2150E333-8FDC-42A3-9474-1A3956D46DE8}") = "shared", "shared", "{87F44018-5FAF-463A-A3EA-4862B5178EA2}"
EndProject
Project("{9A19103F-16F7-4668-BE54-9A1E7A4F7556}") = "bbv_MicroserviceDemo.Common", "src\bbv_MicroserviceDemo.Common\bbv_MicroserviceDemo.Common.csproj", "{8D0F3DA2-DB0D-495E-904B-06049C476B84}"
EndProject
Project("{2150E333-8FDC-42A3-9474-1A3956D46DE8}") = "api", "api", "{E8CA0232-AB43-44FC-A31D-A4105506DF97}"
EndProject
Project("{2150E333-8FDC-42A3-9474-1A3956D46DE8}") = "customer", "customer", "{95B9F328-053E-4D13-AFB6-F39A339E8839}"
EndProject
Project("{2150E333-8FDC-42A3-9474-1A3956D46DE8}") = "order", "order", "{3D320C43-7B27-4074-8AC4-E8FC2FFEF2B5}"
EndProject
Project("{9A19103F-16F7-4668-BE54-9A1E7A4F7556}") = "bbv_MicroserviceDemo.Customer.API", "src\bbv_MicroserviceDemo.Customer.API\bbv_MicroserviceDemo.Customer.API.csproj", "{0003D0EB-06D6-4C9D-8A02-405CCB69B454}"
EndProject
Project("{9A19103F-16F7-4668-BE54-9A1E7A4F7556}") = "bbv_MicroserviceDemo.Customer.API.DataAccess", "src\bbv_MicroserviceDemo.Customer.API.DataAccess\bbv_MicroserviceDemo.Customer.API.DataAccess.csproj", "{17067AD5-9E81-4BCE-BFF9-F34F63EA4A5B}"
EndProject
Project("{9A19103F-16F7-4668-BE54-9A1E7A4F7556}") = "bbv_MicroserviceDemo.Customer.API.Events", "src\bbv_MicroserviceDemo.Customer.API.Events\bbv_MicroserviceDemo.Customer.API.Events.csproj", "{951C87ED-3F50-4692-91AE-6825210C9136}"
EndProject
Project("{9A19103F-16F7-4668-BE54-9A1E7A4F7556}") = "bbv_MicroserviceDemo.Order.API", "src\bbv_MicroserviceDemo.Order.API\bbv_MicroserviceDemo.Order.API.csproj", "{BD207488-E41B-4136-A40C-97E9EED555B2}"
EndProject
Project("{9A19103F-16F7-4668-BE54-9A1E7A4F7556}") = "bbv_MicroserviceDemo.Order.API.Events", "src\bbv_MicroserviceDemo.Order.API.Events\bbv_MicroserviceDemo.Order.API.Events.csproj", "{38B1EA34-85CB-4EDB-B310-414E555260C0}"
EndProject
Project("{9A19103F-16F7-4668-BE54-9A1E7A4F7556}") = "bbv_MicroserviceDemo.Order.API.DataAccess", "src\bbv_MicroserviceDemo.Order.API.DataAccess\bbv_MicroserviceDemo.Order.API.DataAccess.csproj", "{C434A02C-48CB-466A-B9F7-E8E3E58FBED7}"
EndProject
Project("{9A19103F-16F7-4668-BE54-9A1E7A4F7556}") = "bbv_MicroserviceDemo.Messaging", "src\bbv_MicroserviceDemo.Messaging\bbv_MicroserviceDemo.Messaging.csproj", "{9E5CA37C-3C96-4536-B184-F221E472AB65}"
EndProject
Project("{9A19103F-16F7-4668-BE54-9A1E7A4F7556}") = "bbv_MicroserviceDemo.Message.Sender", "src\bbv_MicroserviceDemo.Message.Sender\bbv_MicroserviceDemo.Message.Sender.csproj", "{0D13AFF8-B2B4-4072-A71A-B16A5341E915}"
EndProject
Project("{9A19103F-16F7-4668-BE54-9A1E7A4F7556}") = "bbv_MicroserviceDemo.Message.Receiver", "src\bbv_MicroserviceDemo.Message.Receiver\bbv_MicroserviceDemo.Message.Receiver.csproj", "{46EB1C30-959A-4DCB-B758-E852CEFBE73F}"
EndProject
Project("{2150E333-8FDC-42A3-9474-1A3956D46DE8}") = "test", "test", "{64CE8C68-B123-4EE5-A2C4-3BEF9A1237C5}"
EndProject
Project("{9A19103F-16F7-4668-BE54-9A1E7A4F7556}") = "bbv_MicroserviceDemo.Customer.API.Events.Tests", "src\bbv_MicroserviceDemo.Customer.API.Events.Tests\bbv_MicroserviceDemo.Customer.API.Events.Tests.csproj", "{461E777B-336A-45D2-AE1C-3A4E439C9EA0}"
EndProject
Project("{9A19103F-16F7-4668-BE54-9A1E7A4F7556}") = "bbv_MicroserviceDemo.Order.API.Events.Tests", "src\bbv_MicroserviceDemo.Order.API.Events.Tests\bbv_MicroserviceDemo.Order.API.Events.Tests.csproj", "{4AE54CB7-A76D-4394-8519-544818563723}"
EndProject
Project("{FAE04EC0-301F-11D3-BF4B-00C04F79EFBC}") = "bbv_MicroserviceDemo.Repositories.Tests", "src\bbv_MicroserviceDemo.Repositories.Tests\bbv_MicroserviceDemo.Repositories.Tests.csproj", "{4A39F52F-9615-411F-9CC8-84FF34101D09}"
EndProject
Project("{2150E333-8FDC-42A3-9474-1A3956D46DE8}") = "core", "core", "{93993B27-736E-4E6E-B0EA-18FD3E5EE359}"
EndProject
Project("{2150E333-8FDC-42A3-9474-1A3956D46DE8}") = "microservices", "microservices", "{CD911734-6085-4075-B701-504D68A5698E}"
EndProject
Global
	GlobalSection(SolutionConfigurationPlatforms) = preSolution
		Debug|Any CPU = Debug|Any CPU
		Release|Any CPU = Release|Any CPU
	EndGlobalSection
	GlobalSection(ProjectConfigurationPlatforms) = postSolution
		{96B0F699-D0DF-4478-9726-60DE607D2097}.Debug|Any CPU.ActiveCfg = Debug|Any CPU
		{96B0F699-D0DF-4478-9726-60DE607D2097}.Debug|Any CPU.Build.0 = Debug|Any CPU
		{96B0F699-D0DF-4478-9726-60DE607D2097}.Release|Any CPU.ActiveCfg = Release|Any CPU
		{96B0F699-D0DF-4478-9726-60DE607D2097}.Release|Any CPU.Build.0 = Release|Any CPU
		{85B5AFE3-0085-4A2D-9CDF-1EA485A4E557}.Debug|Any CPU.ActiveCfg = Debug|Any CPU
		{85B5AFE3-0085-4A2D-9CDF-1EA485A4E557}.Debug|Any CPU.Build.0 = Debug|Any CPU
		{85B5AFE3-0085-4A2D-9CDF-1EA485A4E557}.Release|Any CPU.ActiveCfg = Release|Any CPU
		{85B5AFE3-0085-4A2D-9CDF-1EA485A4E557}.Release|Any CPU.Build.0 = Release|Any CPU
		{8D0F3DA2-DB0D-495E-904B-06049C476B84}.Debug|Any CPU.ActiveCfg = Debug|Any CPU
		{8D0F3DA2-DB0D-495E-904B-06049C476B84}.Debug|Any CPU.Build.0 = Debug|Any CPU
		{8D0F3DA2-DB0D-495E-904B-06049C476B84}.Release|Any CPU.ActiveCfg = Release|Any CPU
		{8D0F3DA2-DB0D-495E-904B-06049C476B84}.Release|Any CPU.Build.0 = Release|Any CPU
		{0003D0EB-06D6-4C9D-8A02-405CCB69B454}.Debug|Any CPU.ActiveCfg = Debug|Any CPU
		{0003D0EB-06D6-4C9D-8A02-405CCB69B454}.Debug|Any CPU.Build.0 = Debug|Any CPU
		{0003D0EB-06D6-4C9D-8A02-405CCB69B454}.Release|Any CPU.ActiveCfg = Release|Any CPU
		{0003D0EB-06D6-4C9D-8A02-405CCB69B454}.Release|Any CPU.Build.0 = Release|Any CPU
		{17067AD5-9E81-4BCE-BFF9-F34F63EA4A5B}.Debug|Any CPU.ActiveCfg = Debug|Any CPU
		{17067AD5-9E81-4BCE-BFF9-F34F63EA4A5B}.Debug|Any CPU.Build.0 = Debug|Any CPU
		{17067AD5-9E81-4BCE-BFF9-F34F63EA4A5B}.Release|Any CPU.ActiveCfg = Release|Any CPU
		{17067AD5-9E81-4BCE-BFF9-F34F63EA4A5B}.Release|Any CPU.Build.0 = Release|Any CPU
		{951C87ED-3F50-4692-91AE-6825210C9136}.Debug|Any CPU.ActiveCfg = Debug|Any CPU
		{951C87ED-3F50-4692-91AE-6825210C9136}.Debug|Any CPU.Build.0 = Debug|Any CPU
		{951C87ED-3F50-4692-91AE-6825210C9136}.Release|Any CPU.ActiveCfg = Release|Any CPU
		{951C87ED-3F50-4692-91AE-6825210C9136}.Release|Any CPU.Build.0 = Release|Any CPU
		{BD207488-E41B-4136-A40C-97E9EED555B2}.Debug|Any CPU.ActiveCfg = Debug|Any CPU
		{BD207488-E41B-4136-A40C-97E9EED555B2}.Debug|Any CPU.Build.0 = Debug|Any CPU
		{BD207488-E41B-4136-A40C-97E9EED555B2}.Release|Any CPU.ActiveCfg = Release|Any CPU
		{BD207488-E41B-4136-A40C-97E9EED555B2}.Release|Any CPU.Build.0 = Release|Any CPU
		{38B1EA34-85CB-4EDB-B310-414E555260C0}.Debug|Any CPU.ActiveCfg = Debug|Any CPU
		{38B1EA34-85CB-4EDB-B310-414E555260C0}.Debug|Any CPU.Build.0 = Debug|Any CPU
		{38B1EA34-85CB-4EDB-B310-414E555260C0}.Release|Any CPU.ActiveCfg = Release|Any CPU
		{38B1EA34-85CB-4EDB-B310-414E555260C0}.Release|Any CPU.Build.0 = Release|Any CPU
		{C434A02C-48CB-466A-B9F7-E8E3E58FBED7}.Debug|Any CPU.ActiveCfg = Debug|Any CPU
		{C434A02C-48CB-466A-B9F7-E8E3E58FBED7}.Debug|Any CPU.Build.0 = Debug|Any CPU
		{C434A02C-48CB-466A-B9F7-E8E3E58FBED7}.Release|Any CPU.ActiveCfg = Release|Any CPU
		{C434A02C-48CB-466A-B9F7-E8E3E58FBED7}.Release|Any CPU.Build.0 = Release|Any CPU
		{9E5CA37C-3C96-4536-B184-F221E472AB65}.Debug|Any CPU.ActiveCfg = Debug|Any CPU
		{9E5CA37C-3C96-4536-B184-F221E472AB65}.Debug|Any CPU.Build.0 = Debug|Any CPU
		{9E5CA37C-3C96-4536-B184-F221E472AB65}.Release|Any CPU.ActiveCfg = Release|Any CPU
		{9E5CA37C-3C96-4536-B184-F221E472AB65}.Release|Any CPU.Build.0 = Release|Any CPU
		{0D13AFF8-B2B4-4072-A71A-B16A5341E915}.Debug|Any CPU.ActiveCfg = Debug|Any CPU
		{0D13AFF8-B2B4-4072-A71A-B16A5341E915}.Debug|Any CPU.Build.0 = Debug|Any CPU
		{0D13AFF8-B2B4-4072-A71A-B16A5341E915}.Release|Any CPU.ActiveCfg = Release|Any CPU
		{0D13AFF8-B2B4-4072-A71A-B16A5341E915}.Release|Any CPU.Build.0 = Release|Any CPU
		{46EB1C30-959A-4DCB-B758-E852CEFBE73F}.Debug|Any CPU.ActiveCfg = Debug|Any CPU
		{46EB1C30-959A-4DCB-B758-E852CEFBE73F}.Debug|Any CPU.Build.0 = Debug|Any CPU
		{46EB1C30-959A-4DCB-B758-E852CEFBE73F}.Release|Any CPU.ActiveCfg = Release|Any CPU
		{46EB1C30-959A-4DCB-B758-E852CEFBE73F}.Release|Any CPU.Build.0 = Release|Any CPU
		{461E777B-336A-45D2-AE1C-3A4E439C9EA0}.Debug|Any CPU.ActiveCfg = Debug|Any CPU
		{461E777B-336A-45D2-AE1C-3A4E439C9EA0}.Debug|Any CPU.Build.0 = Debug|Any CPU
		{461E777B-336A-45D2-AE1C-3A4E439C9EA0}.Release|Any CPU.ActiveCfg = Release|Any CPU
		{461E777B-336A-45D2-AE1C-3A4E439C9EA0}.Release|Any CPU.Build.0 = Release|Any CPU
		{4AE54CB7-A76D-4394-8519-544818563723}.Debug|Any CPU.ActiveCfg = Debug|Any CPU
		{4AE54CB7-A76D-4394-8519-544818563723}.Debug|Any CPU.Build.0 = Debug|Any CPU
		{4AE54CB7-A76D-4394-8519-544818563723}.Release|Any CPU.ActiveCfg = Release|Any CPU
		{4AE54CB7-A76D-4394-8519-544818563723}.Release|Any CPU.Build.0 = Release|Any CPU
		{4A39F52F-9615-411F-9CC8-84FF34101D09}.Debug|Any CPU.ActiveCfg = Debug|Any CPU
		{4A39F52F-9615-411F-9CC8-84FF34101D09}.Debug|Any CPU.Build.0 = Debug|Any CPU
		{4A39F52F-9615-411F-9CC8-84FF34101D09}.Release|Any CPU.ActiveCfg = Release|Any CPU
		{4A39F52F-9615-411F-9CC8-84FF34101D09}.Release|Any CPU.Build.0 = Release|Any CPU
	EndGlobalSection
	GlobalSection(SolutionProperties) = preSolution
		HideSolutionNode = FALSE
	EndGlobalSection
	GlobalSection(NestedProjects) = preSolution
		{1B939219-73C3-4189-B657-D41538C145DF} = {1F773D65-136A-4164-A3A7-1A56396801A1}
		{96B0F699-D0DF-4478-9726-60DE607D2097} = {1B939219-73C3-4189-B657-D41538C145DF}
		{85B5AFE3-0085-4A2D-9CDF-1EA485A4E557} = {1B939219-73C3-4189-B657-D41538C145DF}
		{30F58F66-DFE7-4246-9EC6-EB04DB291B92} = {1F773D65-136A-4164-A3A7-1A56396801A1}
		{87F44018-5FAF-463A-A3EA-4862B5178EA2} = {1F773D65-136A-4164-A3A7-1A56396801A1}
		{8D0F3DA2-DB0D-495E-904B-06049C476B84} = {87F44018-5FAF-463A-A3EA-4862B5178EA2}
		{E8CA0232-AB43-44FC-A31D-A4105506DF97} = {30F58F66-DFE7-4246-9EC6-EB04DB291B92}
		{95B9F328-053E-4D13-AFB6-F39A339E8839} = {E8CA0232-AB43-44FC-A31D-A4105506DF97}
		{3D320C43-7B27-4074-8AC4-E8FC2FFEF2B5} = {E8CA0232-AB43-44FC-A31D-A4105506DF97}
		{0003D0EB-06D6-4C9D-8A02-405CCB69B454} = {95B9F328-053E-4D13-AFB6-F39A339E8839}
		{17067AD5-9E81-4BCE-BFF9-F34F63EA4A5B} = {95B9F328-053E-4D13-AFB6-F39A339E8839}
		{951C87ED-3F50-4692-91AE-6825210C9136} = {95B9F328-053E-4D13-AFB6-F39A339E8839}
		{BD207488-E41B-4136-A40C-97E9EED555B2} = {3D320C43-7B27-4074-8AC4-E8FC2FFEF2B5}
		{38B1EA34-85CB-4EDB-B310-414E555260C0} = {3D320C43-7B27-4074-8AC4-E8FC2FFEF2B5}
		{C434A02C-48CB-466A-B9F7-E8E3E58FBED7} = {3D320C43-7B27-4074-8AC4-E8FC2FFEF2B5}
		{9E5CA37C-3C96-4536-B184-F221E472AB65} = {1B939219-73C3-4189-B657-D41538C145DF}
		{0D13AFF8-B2B4-4072-A71A-B16A5341E915} = {30F58F66-DFE7-4246-9EC6-EB04DB291B92}
		{46EB1C30-959A-4DCB-B758-E852CEFBE73F} = {30F58F66-DFE7-4246-9EC6-EB04DB291B92}
		{461E777B-336A-45D2-AE1C-3A4E439C9EA0} = {CD911734-6085-4075-B701-504D68A5698E}
		{4AE54CB7-A76D-4394-8519-544818563723} = {CD911734-6085-4075-B701-504D68A5698E}
		{4A39F52F-9615-411F-9CC8-84FF34101D09} = {93993B27-736E-4E6E-B0EA-18FD3E5EE359}
		{93993B27-736E-4E6E-B0EA-18FD3E5EE359} = {64CE8C68-B123-4EE5-A2C4-3BEF9A1237C5}
		{CD911734-6085-4075-B701-504D68A5698E} = {64CE8C68-B123-4EE5-A2C4-3BEF9A1237C5}
	EndGlobalSection
	GlobalSection(ExtensibilityGlobals) = postSolution
		SolutionGuid = {1E6EEEB9-511E-4185-B16C-17FF76E6E907}
	EndGlobalSection
EndGlobal
